// !$*UTF8*$!
{
	archiveVersion = 1;
	classes = {
	};
	objectVersion = 52;
	objects = {

/* Begin PBXBuildFile section */
		940B2D5924B25EE000055460 /* AppDelegate.swift in Sources */ = {isa = PBXBuildFile; fileRef = 940B2D5824B25EE000055460 /* AppDelegate.swift */; };
		940B2D5D24B25EE200055460 /* Assets.xcassets in Resources */ = {isa = PBXBuildFile; fileRef = 940B2D5C24B25EE200055460 /* Assets.xcassets */; };
		940B2D6024B25EE200055460 /* Preview Assets.xcassets in Resources */ = {isa = PBXBuildFile; fileRef = 940B2D5F24B25EE200055460 /* Preview Assets.xcassets */; };
		940B2D6324B25EE200055460 /* Main.storyboard in Resources */ = {isa = PBXBuildFile; fileRef = 940B2D6124B25EE200055460 /* Main.storyboard */; };
		940B2D7024B25FF600055460 /* GameView in Frameworks */ = {isa = PBXBuildFile; productRef = 940B2D6F24B25FF600055460 /* GameView */; };
/* End PBXBuildFile section */

/* Begin PBXFileReference section */
		940B2D5524B25EE000055460 /* MacBullsEye.app */ = {isa = PBXFileReference; explicitFileType = wrapper.application; includeInIndex = 0; path = MacBullsEye.app; sourceTree = BUILT_PRODUCTS_DIR; };
		940B2D5824B25EE000055460 /* AppDelegate.swift */ = {isa = PBXFileReference; lastKnownFileType = sourcecode.swift; path = AppDelegate.swift; sourceTree = "<group>"; };
		940B2D5C24B25EE200055460 /* Assets.xcassets */ = {isa = PBXFileReference; lastKnownFileType = folder.assetcatalog; path = Assets.xcassets; sourceTree = "<group>"; };
		940B2D5F24B25EE200055460 /* Preview Assets.xcassets */ = {isa = PBXFileReference; lastKnownFileType = folder.assetcatalog; path = "Preview Assets.xcassets"; sourceTree = "<group>"; };
		940B2D6224B25EE200055460 /* Base */ = {isa = PBXFileReference; lastKnownFileType = file.storyboard; name = Base; path = Base.lproj/Main.storyboard; sourceTree = "<group>"; };
		940B2D6424B25EE200055460 /* Info.plist */ = {isa = PBXFileReference; lastKnownFileType = text.plist.xml; path = Info.plist; sourceTree = "<group>"; };
		940B2D6524B25EE200055460 /* MacBullsEye.entitlements */ = {isa = PBXFileReference; lastKnownFileType = text.plist.entitlements; path = MacBullsEye.entitlements; sourceTree = "<group>"; };
		940B2D6D24B25FC900055460 /* GameView */ = {isa = PBXFileReference; lastKnownFileType = folder; name = GameView; path = ../BullsEyePlus/Packages/GameView; sourceTree = "<group>"; };
/* End PBXFileReference section */

/* Begin PBXFrameworksBuildPhase section */
		940B2D5224B25EE000055460 /* Frameworks */ = {
			isa = PBXFrameworksBuildPhase;
			buildActionMask = 2147483647;
			files = (
				940B2D7024B25FF600055460 /* GameView in Frameworks */,
			);
			runOnlyForDeploymentPostprocessing = 0;
		};
/* End PBXFrameworksBuildPhase section */

/* Begin PBXGroup section */
		940B2D4C24B25EE000055460 = {
			isa = PBXGroup;
			children = (
				940B2D6D24B25FC900055460 /* GameView */,
				940B2D5724B25EE000055460 /* MacBullsEye */,
				940B2D5624B25EE000055460 /* Products */,
				940B2D6E24B25FF600055460 /* Frameworks */,
			);
			sourceTree = "<group>";
		};
		940B2D5624B25EE000055460 /* Products */ = {
			isa = PBXGroup;
			children = (
				940B2D5524B25EE000055460 /* MacBullsEye.app */,
			);
			name = Products;
			sourceTree = "<group>";
		};
		940B2D5724B25EE000055460 /* MacBullsEye */ = {
			isa = PBXGroup;
			children = (
				940B2D5824B25EE000055460 /* AppDelegate.swift */,
				940B2D5C24B25EE200055460 /* Assets.xcassets */,
				940B2D6124B25EE200055460 /* Main.storyboard */,
				940B2D6424B25EE200055460 /* Info.plist */,
				940B2D6524B25EE200055460 /* MacBullsEye.entitlements */,
				940B2D5E24B25EE200055460 /* Preview Content */,
			);
			path = MacBullsEye;
			sourceTree = "<group>";
		};
		940B2D5E24B25EE200055460 /* Preview Content */ = {
			isa = PBXGroup;
			children = (
				940B2D5F24B25EE200055460 /* Preview Assets.xcassets */,
			);
			path = "Preview Content";
			sourceTree = "<group>";
		};
		940B2D6E24B25FF600055460 /* Frameworks */ = {
			isa = PBXGroup;
			children = (
			);
			name = Frameworks;
			sourceTree = "<group>";
		};
/* End PBXGroup section */

/* Begin PBXNativeTarget section */
		940B2D5424B25EE000055460 /* MacBullsEye */ = {
			isa = PBXNativeTarget;
			buildConfigurationList = 940B2D6824B25EE200055460 /* Build configuration list for PBXNativeTarget "MacBullsEye" */;
			buildPhases = (
				940B2D5124B25EE000055460 /* Sources */,
				940B2D5224B25EE000055460 /* Frameworks */,
				940B2D5324B25EE000055460 /* Resources */,
			);
			buildRules = (
			);
			dependencies = (
			);
			name = MacBullsEye;
			packageProductDependencies = (
				940B2D6F24B25FF600055460 /* GameView */,
			);
			productName = MacBullsEye;
			productReference = 940B2D5524B25EE000055460 /* MacBullsEye.app */;
			productType = "com.apple.product-type.application";
		};
/* End PBXNativeTarget section */

/* Begin PBXProject section */
		940B2D4D24B25EE000055460 /* Project object */ = {
			isa = PBXProject;
			attributes = {
				LastSwiftUpdateCheck = 1150;
				LastUpgradeCheck = 1150;
				ORGANIZATIONNAME = "Ryan Spishock";
				TargetAttributes = {
					940B2D5424B25EE000055460 = {
						CreatedOnToolsVersion = 11.5;
					};
				};
			};
			buildConfigurationList = 940B2D5024B25EE000055460 /* Build configuration list for PBXProject "MacBullsEye" */;
			compatibilityVersion = "Xcode 9.3";
			developmentRegion = en;
			hasScannedForEncodings = 0;
			knownRegions = (
				en,
				Base,
			);
			mainGroup = 940B2D4C24B25EE000055460;
			productRefGroup = 940B2D5624B25EE000055460 /* Products */;
			projectDirPath = "";
			projectRoot = "";
			targets = (
				940B2D5424B25EE000055460 /* MacBullsEye */,
			);
		};
/* End PBXProject section */

/* Begin PBXResourcesBuildPhase section */
		940B2D5324B25EE000055460 /* Resources */ = {
			isa = PBXResourcesBuildPhase;
			buildActionMask = 2147483647;
			files = (
				940B2D6324B25EE200055460 /* Main.storyboard in Resources */,
				940B2D6024B25EE200055460 /* Preview Assets.xcassets in Resources */,
				940B2D5D24B25EE200055460 /* Assets.xcassets in Resources */,
			);
			runOnlyForDeploymentPostprocessing = 0;
		};
/* End PBXResourcesBuildPhase section */

/* Begin PBXSourcesBuildPhase section */
		940B2D5124B25EE000055460 /* Sources */ = {
			isa = PBXSourcesBuildPhase;
			buildActionMask = 2147483647;
			files = (
				940B2D5924B25EE000055460 /* AppDelegate.swift in Sources */,
			);
			runOnlyForDeploymentPostprocessing = 0;
		};
/* End PBXSourcesBuildPhase section */

/* Begin PBXVariantGroup section */
		940B2D6124B25EE200055460 /* Main.storyboard */ = {
			isa = PBXVariantGroup;
			children = (
				940B2D6224B25EE200055460 /* Base */,
			);
			name = Main.storyboard;
			sourceTree = "<group>";
		};
/* End PBXVariantGroup section */

/* Begin XCBuildConfiguration section */
		940B2D6624B25EE200055460 /* Debug */ = {
			isa = XCBuildConfiguration;
			buildSettings = {
				ALWAYS_SEARCH_USER_PATHS = NO;
				CLANG_ANALYZER_NONNULL = YES;
				CLANG_ANALYZER_NUMBER_OBJECT_CONVERSION = YES_AGGRESSIVE;
				CLANG_CXX_LANGUAGE_STANDARD = "gnu++14";
				CLANG_CXX_LIBRARY = "libc++";
				CLANG_ENABLE_MODULES = YES;
				CLANG_ENABLE_OBJC_ARC = YES;
				CLANG_ENABLE_OBJC_WEAK = YES;
				CLANG_WARN_BLOCK_CAPTURE_AUTORELEASING = YES;
				CLANG_WARN_BOOL_CONVERSION = YES;
				CLANG_WARN_COMMA = YES;
				CLANG_WARN_CONSTANT_CONVERSION = YES;
				CLANG_WARN_DEPRECATED_OBJC_IMPLEMENTATIONS = YES;
				CLANG_WARN_DIRECT_OBJC_ISA_USAGE = YES_ERROR;
				CLANG_WARN_DOCUMENTATION_COMMENTS = YES;
				CLANG_WARN_EMPTY_BODY = YES;
				CLANG_WARN_ENUM_CONVERSION = YES;
				CLANG_WARN_INFINITE_RECURSION = YES;
				CLANG_WARN_INT_CONVERSION = YES;
				CLANG_WARN_NON_LITERAL_NULL_CONVERSION = YES;
				CLANG_WARN_OBJC_IMPLICIT_RETAIN_SELF = YES;
				CLANG_WARN_OBJC_LITERAL_CONVERSION = YES;
				CLANG_WARN_OBJC_ROOT_CLASS = YES_ERROR;
				CLANG_WARN_RANGE_LOOP_ANALYSIS = YES;
				CLANG_WARN_STRICT_PROTOTYPES = YES;
				CLANG_WARN_SUSPICIOUS_MOVE = YES;
				CLANG_WARN_UNGUARDED_AVAILABILITY = YES_AGGRESSIVE;
				CLANG_WARN_UNREACHABLE_CODE = YES;
				CLANG_WARN__DUPLICATE_METHOD_MATCH = YES;
				COPY_PHASE_STRIP = NO;
				DEBUG_INFORMATION_FORMAT = dwarf;
				ENABLE_STRICT_OBJC_MSGSEND = YES;
				ENABLE_TESTABILITY = YES;
				GCC_C_LANGUAGE_STANDARD = gnu11;
				GCC_DYNAMIC_NO_PIC = NO;
				GCC_NO_COMMON_BLOCKS = YES;
				GCC_OPTIMIZATION_LEVEL = 0;
				GCC_PREPROCESSOR_DEFINITIONS = (
					"DEBUG=1",
					"$(inherited)",
				);
				GCC_WARN_64_TO_32_BIT_CONVERSION = YES;
				GCC_WARN_ABOUT_RETURN_TYPE = YES_ERROR;
				GCC_WARN_UNDECLARED_SELECTOR = YES;
				GCC_WARN_UNINITIALIZED_AUTOS = YES_AGGRESSIVE;
				GCC_WARN_UNUSED_FUNCTION = YES;
				GCC_WARN_UNUSED_VARIABLE = YES;
				MACOSX_DEPLOYMENT_TARGET = 10.15;
				MTL_ENABLE_DEBUG_INFO = INCLUDE_SOURCE;
				MTL_FAST_MATH = YES;
				ONLY_ACTIVE_ARCH = YES;
				SDKROOT = macosx;
				SWIFT_ACTIVE_COMPILATION_CONDITIONS = DEBUG;
				SWIFT_OPTIMIZATION_LEVEL = "-Onone";
			};
			name = Debug;
		};
		940B2D6724B25EE200055460 /* Release */ = {
			isa = XCBuildConfiguration;
			buildSettings = {
				ALWAYS_SEARCH_USER_PATHS = NO;
				CLANG_ANALYZER_NONNULL = YES;
				CLANG_ANALYZER_NUMBER_OBJECT_CONVERSION = YES_AGGRESSIVE;
				CLANG_CXX_LANGUAGE_STANDARD = "gnu++14";
				CLANG_CXX_LIBRARY = "libc++";
				CLANG_ENABLE_MODULES = YES;
				CLANG_ENABLE_OBJC_ARC = YES;
				CLANG_ENABLE_OBJC_WEAK = YES;
				CLANG_WARN_BLOCK_CAPTURE_AUTORELEASING = YES;
				CLANG_WARN_BOOL_CONVERSION = YES;
				CLANG_WARN_COMMA = YES;
				CLANG_WARN_CONSTANT_CONVERSION = YES;
				CLANG_WARN_DEPRECATED_OBJC_IMPLEMENTATIONS = YES;
				CLANG_WARN_DIRECT_OBJC_ISA_USAGE = YES_ERROR;
				CLANG_WARN_DOCUMENTATION_COMMENTS = YES;
				CLANG_WARN_EMPTY_BODY = YES;
				CLANG_WARN_ENUM_CONVERSION = YES;
				CLANG_WARN_INFINITE_RECURSION = YES;
				CLANG_WARN_INT_CONVERSION = YES;
				CLANG_WARN_NON_LITERAL_NULL_CONVERSION = YES;
				CLANG_WARN_OBJC_IMPLICIT_RETAIN_SELF = YES;
				CLANG_WARN_OBJC_LITERAL_CONVERSION = YES;
				CLANG_WARN_OBJC_ROOT_CLASS = YES_ERROR;
				CLANG_WARN_RANGE_LOOP_ANALYSIS = YES;
				CLANG_WARN_STRICT_PROTOTYPES = YES;
				CLANG_WARN_SUSPICIOUS_MOVE = YES;
				CLANG_WARN_UNGUARDED_AVAILABILITY = YES_AGGRESSIVE;
				CLANG_WARN_UNREACHABLE_CODE = YES;
				CLANG_WARN__DUPLICATE_METHOD_MATCH = YES;
				COPY_PHASE_STRIP = NO;
				DEBUG_INFORMATION_FORMAT = "dwarf-with-dsym";
				ENABLE_NS_ASSERTIONS = NO;
				ENABLE_STRICT_OBJC_MSGSEND = YES;
				GCC_C_LANGUAGE_STANDARD = gnu11;
				GCC_NO_COMMON_BLOCKS = YES;
				GCC_WARN_64_TO_32_BIT_CONVERSION = YES;
				GCC_WARN_ABOUT_RETURN_TYPE = YES_ERROR;
				GCC_WARN_UNDECLARED_SELECTOR = YES;
				GCC_WARN_UNINITIALIZED_AUTOS = YES_AGGRESSIVE;
				GCC_WARN_UNUSED_FUNCTION = YES;
				GCC_WARN_UNUSED_VARIABLE = YES;
				MACOSX_DEPLOYMENT_TARGET = 10.15;
				MTL_ENABLE_DEBUG_INFO = NO;
				MTL_FAST_MATH = YES;
				SDKROOT = macosx;
				SWIFT_COMPILATION_MODE = wholemodule;
				SWIFT_OPTIMIZATION_LEVEL = "-O";
			};
			name = Release;
		};
		940B2D6924B25EE200055460 /* Debug */ = {
			isa = XCBuildConfiguration;
			buildSettings = {
				ASSETCATALOG_COMPILER_APPICON_NAME = AppIcon;
				CODE_SIGN_ENTITLEMENTS = MacBullsEye/MacBullsEye.entitlements;
				CODE_SIGN_STYLE = Automatic;
				COMBINE_HIDPI_IMAGES = YES;
				DEVELOPMENT_ASSET_PATHS = "\"MacBullsEye/Preview Content\"";
				DEVELOPMENT_TEAM = 8X9PAUM4Y5;
				ENABLE_HARDENED_RUNTIME = YES;
				ENABLE_PREVIEWS = YES;
				INFOPLIST_FILE = MacBullsEye/Info.plist;
				LD_RUNPATH_SEARCH_PATHS = (
					"$(inherited)",
					"@executable_path/../Frameworks",
				);
				MACOSX_DEPLOYMENT_TARGET = 10.15;
				PRODUCT_BUNDLE_IDENTIFIER = com.ryanspishock.MacBullsEye;
				PRODUCT_NAME = "$(TARGET_NAME)";
				SWIFT_VERSION = 5.0;
			};
			name = Debug;
		};
		940B2D6A24B25EE200055460 /* Release */ = {
			isa = XCBuildConfiguration;
			buildSettings = {
				ASSETCATALOG_COMPILER_APPICON_NAME = AppIcon;
				CODE_SIGN_ENTITLEMENTS = MacBullsEye/MacBullsEye.entitlements;
				CODE_SIGN_STYLE = Automatic;
				COMBINE_HIDPI_IMAGES = YES;
				DEVELOPMENT_ASSET_PATHS = "\"MacBullsEye/Preview Content\"";
				DEVELOPMENT_TEAM = 8X9PAUM4Y5;
				ENABLE_HARDENED_RUNTIME = YES;
				ENABLE_PREVIEWS = YES;
				INFOPLIST_FILE = MacBullsEye/Info.plist;
				LD_RUNPATH_SEARCH_PATHS = (
					"$(inherited)",
					"@executable_path/../Frameworks",
				);
				MACOSX_DEPLOYMENT_TARGET = 10.15;
				PRODUCT_BUNDLE_IDENTIFIER = com.ryanspishock.MacBullsEye;
				PRODUCT_NAME = "$(TARGET_NAME)";
				SWIFT_VERSION = 5.0;
			};
			name = Release;
		};
/* End XCBuildConfiguration section */

/* Begin XCConfigurationList section */
		940B2D5024B25EE000055460 /* Build configuration list for PBXProject "MacBullsEye" */ = {
			isa = XCConfigurationList;
			buildConfigurations = (
				940B2D6624B25EE200055460 /* Debug */,
				940B2D6724B25EE200055460 /* Release */,
			);
			defaultConfigurationIsVisible = 0;
			defaultConfigurationName = Release;
		};
		940B2D6824B25EE200055460 /* Build configuration list for PBXNativeTarget "MacBullsEye" */ = {
			isa = XCConfigurationList;
			buildConfigurations = (
				940B2D6924B25EE200055460 /* Debug */,
				940B2D6A24B25EE200055460 /* Release */,
			);
			defaultConfigurationIsVisible = 0;
			defaultConfigurationName = Release;
		};
/* End XCConfigurationList section */

/* Begin XCSwiftPackageProductDependency section */
		940B2D6F24B25FF600055460 /* GameView */ = {
			isa = XCSwiftPackageProductDependency;
			productName = GameView;
		};
/* End XCSwiftPackageProductDependency section */
	};
	rootObject = 940B2D4D24B25EE000055460 /* Project object */;
}
